
Microsoft Visual Studio Solution File, Format Version 12.00
# Visual Studio Version 16
VisualStudioVersion = 16.0.31613.86
MinimumVisualStudioVersion = 10.0.40219.1
Project("{8BC9CEB8-8B4A-11D0-8D11-00A0C91BC942}") = "01. Grammer", "01. Grammer\01. Grammer.vcxproj", "{BD523D0F-97C1-467E-A2B6-D1C48610E5EB}"
EndProject
Project("{8BC9CEB8-8B4A-11D0-8D11-00A0C91BC942}") = "Etc. Review", "Etc. Review\Etc. Review.vcxproj", "{3DFC1174-0678-4ADD-B745-9E281A25A4E3}"
EndProject
Project("{8BC9CEB8-8B4A-11D0-8D11-00A0C91BC942}") = "02. Rock Paper Scissors", "02. Rock Paper Scissors\02. Rock Paper Scissors.vcxproj", "{83B57000-E65B-4D8E-87C7-65515BD2D120}"
EndProject
Project("{8BC9CEB8-8B4A-11D0-8D11-00A0C91BC942}") = "04. Lotto", "04. Lotto\04. Lotto.vcxproj", "{2272AD26-971A-4F69-8A2C-0C32D70F8733}"
EndProject
Project("{8BC9CEB8-8B4A-11D0-8D11-00A0C91BC942}") = "03. Baseball", "03. Baseball\03. Baseball.vcxproj", "{0368FAFC-9EBB-4594-A194-22E5D15FEDE8}"
EndProject
Project("{8BC9CEB8-8B4A-11D0-8D11-00A0C91BC942}") = "05. Puzzle", "05. Puzzle\05. Puzzle.vcxproj", "{39DB11A8-2A22-4087-B3BE-7A3FE795F76B}"
EndProject
Project("{8BC9CEB8-8B4A-11D0-8D11-00A0C91BC942}") = "06. Bingo", "06. Bingo\06. Bingo.vcxproj", "{A0BEFE0D-3220-45F7-8078-6D92BD955F2D}"
EndProject
Project("{8BC9CEB8-8B4A-11D0-8D11-00A0C91BC942}") = "07. Student Management", "07. Student Management\07. Student Management.vcxproj", "{CA458401-1BC3-4685-A6F3-EA71D3040B69}"
EndProject
Project("{8BC9CEB8-8B4A-11D0-8D11-00A0C91BC942}") = "08. RPG", "08. RPG\08. RPG.vcxproj", "{437FC8BA-298A-4186-AE7B-BB91F89B7F10}"
EndProject
Project("{8BC9CEB8-8B4A-11D0-8D11-00A0C91BC942}") = "09. Convert", "09. Convert\09. Convert.vcxproj", "{39C54B92-4D83-48C1-93E8-3A848C661D23}"
EndProject
Project("{8BC9CEB8-8B4A-11D0-8D11-00A0C91BC942}") = "10. Maze", "10. Maze\10. Maze.vcxproj", "{971E435A-CBA1-4DE1-8DA6-7D8C4508E2C0}"
EndProject
Project("{8BC9CEB8-8B4A-11D0-8D11-00A0C91BC942}") = "11. Bomberman", "11. Bomberman\11. Bomberman.vcxproj", "{CCEC22C0-BF82-413F-8B32-2B9ADA46F28B}"
EndProject
Project("{8BC9CEB8-8B4A-11D0-8D11-00A0C91BC942}") = "12. Linked List", "12. Linked List\12. Linked List.vcxproj", "{12D53C8D-5E1B-408D-8F53-D1BDF9F2D9F0}"
EndProject
Project("{8BC9CEB8-8B4A-11D0-8D11-00A0C91BC942}") = "13. Dynamic Array", "13. Dynamic Array\13. Dynamic Array.vcxproj", "{2FF20387-B219-463A-88D4-7B3187165A75}"
EndProject
Global
	GlobalSection(SolutionConfigurationPlatforms) = preSolution
		Debug|x64 = Debug|x64
		Debug|x86 = Debug|x86
		Release|x64 = Release|x64
		Release|x86 = Release|x86
	EndGlobalSection
	GlobalSection(ProjectConfigurationPlatforms) = postSolution
		{BD523D0F-97C1-467E-A2B6-D1C48610E5EB}.Debug|x64.ActiveCfg = Debug|x64
		{BD523D0F-97C1-467E-A2B6-D1C48610E5EB}.Debug|x64.Build.0 = Debug|x64
		{BD523D0F-97C1-467E-A2B6-D1C48610E5EB}.Debug|x86.ActiveCfg = Debug|Win32
		{BD523D0F-97C1-467E-A2B6-D1C48610E5EB}.Debug|x86.Build.0 = Debug|Win32
		{BD523D0F-97C1-467E-A2B6-D1C48610E5EB}.Release|x64.ActiveCfg = Release|x64
		{BD523D0F-97C1-467E-A2B6-D1C48610E5EB}.Release|x64.Build.0 = Release|x64
		{BD523D0F-97C1-467E-A2B6-D1C48610E5EB}.Release|x86.ActiveCfg = Release|Win32
		{BD523D0F-97C1-467E-A2B6-D1C48610E5EB}.Release|x86.Build.0 = Release|Win32
		{3DFC1174-0678-4ADD-B745-9E281A25A4E3}.Debug|x64.ActiveCfg = Debug|x64
		{3DFC1174-0678-4ADD-B745-9E281A25A4E3}.Debug|x64.Build.0 = Debug|x64
		{3DFC1174-0678-4ADD-B745-9E281A25A4E3}.Debug|x86.ActiveCfg = Debug|Win32
		{3DFC1174-0678-4ADD-B745-9E281A25A4E3}.Debug|x86.Build.0 = Debug|Win32
		{3DFC1174-0678-4ADD-B745-9E281A25A4E3}.Release|x64.ActiveCfg = Release|x64
		{3DFC1174-0678-4ADD-B745-9E281A25A4E3}.Release|x64.Build.0 = Release|x64
		{3DFC1174-0678-4ADD-B745-9E281A25A4E3}.Release|x86.ActiveCfg = Release|Win32
		{3DFC1174-0678-4ADD-B745-9E281A25A4E3}.Release|x86.Build.0 = Release|Win32
		{83B57000-E65B-4D8E-87C7-65515BD2D120}.Debug|x64.ActiveCfg = Debug|x64
		{83B57000-E65B-4D8E-87C7-65515BD2D120}.Debug|x64.Build.0 = Debug|x64
		{83B57000-E65B-4D8E-87C7-65515BD2D120}.Debug|x86.ActiveCfg = Debug|Win32
		{83B57000-E65B-4D8E-87C7-65515BD2D120}.Debug|x86.Build.0 = Debug|Win32
		{83B57000-E65B-4D8E-87C7-65515BD2D120}.Release|x64.ActiveCfg = Release|x64
		{83B57000-E65B-4D8E-87C7-65515BD2D120}.Release|x64.Build.0 = Release|x64
		{83B57000-E65B-4D8E-87C7-65515BD2D120}.Release|x86.ActiveCfg = Release|Win32
		{83B57000-E65B-4D8E-87C7-65515BD2D120}.Release|x86.Build.0 = Release|Win32
		{2272AD26-971A-4F69-8A2C-0C32D70F8733}.Debug|x64.ActiveCfg = Debug|x64
		{2272AD26-971A-4F69-8A2C-0C32D70F8733}.Debug|x64.Build.0 = Debug|x64
		{2272AD26-971A-4F69-8A2C-0C32D70F8733}.Debug|x86.ActiveCfg = Debug|Win32
		{2272AD26-971A-4F69-8A2C-0C32D70F8733}.Debug|x86.Build.0 = Debug|Win32
		{2272AD26-971A-4F69-8A2C-0C32D70F8733}.Release|x64.ActiveCfg = Release|x64
		{2272AD26-971A-4F69-8A2C-0C32D70F8733}.Release|x64.Build.0 = Release|x64
		{2272AD26-971A-4F69-8A2C-0C32D70F8733}.Release|x86.ActiveCfg = Release|Win32
		{2272AD26-971A-4F69-8A2C-0C32D70F8733}.Release|x86.Build.0 = Release|Win32
		{0368FAFC-9EBB-4594-A194-22E5D15FEDE8}.Debug|x64.ActiveCfg = Debug|x64
		{0368FAFC-9EBB-4594-A194-22E5D15FEDE8}.Debug|x64.Build.0 = Debug|x64
		{0368FAFC-9EBB-4594-A194-22E5D15FEDE8}.Debug|x86.ActiveCfg = Debug|Win32
		{0368FAFC-9EBB-4594-A194-22E5D15FEDE8}.Debug|x86.Build.0 = Debug|Win32
		{0368FAFC-9EBB-4594-A194-22E5D15FEDE8}.Release|x64.ActiveCfg = Release|x64
		{0368FAFC-9EBB-4594-A194-22E5D15FEDE8}.Release|x64.Build.0 = Release|x64
		{0368FAFC-9EBB-4594-A194-22E5D15FEDE8}.Release|x86.ActiveCfg = Release|Win32
		{0368FAFC-9EBB-4594-A194-22E5D15FEDE8}.Release|x86.Build.0 = Release|Win32
		{39DB11A8-2A22-4087-B3BE-7A3FE795F76B}.Debug|x64.ActiveCfg = Debug|x64
		{39DB11A8-2A22-4087-B3BE-7A3FE795F76B}.Debug|x64.Build.0 = Debug|x64
		{39DB11A8-2A22-4087-B3BE-7A3FE795F76B}.Debug|x86.ActiveCfg = Debug|Win32
		{39DB11A8-2A22-4087-B3BE-7A3FE795F76B}.Debug|x86.Build.0 = Debug|Win32
		{39DB11A8-2A22-4087-B3BE-7A3FE795F76B}.Release|x64.ActiveCfg = Release|x64
		{39DB11A8-2A22-4087-B3BE-7A3FE795F76B}.Release|x64.Build.0 = Release|x64
		{39DB11A8-2A22-4087-B3BE-7A3FE795F76B}.Release|x86.ActiveCfg = Release|Win32
		{39DB11A8-2A22-4087-B3BE-7A3FE795F76B}.Release|x86.Build.0 = Release|Win32
		{A0BEFE0D-3220-45F7-8078-6D92BD955F2D}.Debug|x64.ActiveCfg = Debug|x64
		{A0BEFE0D-3220-45F7-8078-6D92BD955F2D}.Debug|x64.Build.0 = Debug|x64
		{A0BEFE0D-3220-45F7-8078-6D92BD955F2D}.Debug|x86.ActiveCfg = Debug|Win32
		{A0BEFE0D-3220-45F7-8078-6D92BD955F2D}.Debug|x86.Build.0 = Debug|Win32
		{A0BEFE0D-3220-45F7-8078-6D92BD955F2D}.Release|x64.ActiveCfg = Release|x64
		{A0BEFE0D-3220-45F7-8078-6D92BD955F2D}.Release|x64.Build.0 = Release|x64
		{A0BEFE0D-3220-45F7-8078-6D92BD955F2D}.Release|x86.ActiveCfg = Release|Win32
		{A0BEFE0D-3220-45F7-8078-6D92BD955F2D}.Release|x86.Build.0 = Release|Win32
		{CA458401-1BC3-4685-A6F3-EA71D3040B69}.Debug|x64.ActiveCfg = Debug|x64
		{CA458401-1BC3-4685-A6F3-EA71D3040B69}.Debug|x64.Build.0 = Debug|x64
		{CA458401-1BC3-4685-A6F3-EA71D3040B69}.Debug|x86.ActiveCfg = Debug|Win32
		{CA458401-1BC3-4685-A6F3-EA71D3040B69}.Debug|x86.Build.0 = Debug|Win32
		{CA458401-1BC3-4685-A6F3-EA71D3040B69}.Release|x64.ActiveCfg = Release|x64
		{CA458401-1BC3-4685-A6F3-EA71D3040B69}.Release|x64.Build.0 = Release|x64
		{CA458401-1BC3-4685-A6F3-EA71D3040B69}.Release|x86.ActiveCfg = Release|Win32
		{CA458401-1BC3-4685-A6F3-EA71D3040B69}.Release|x86.Build.0 = Release|Win32
		{437FC8BA-298A-4186-AE7B-BB91F89B7F10}.Debug|x64.ActiveCfg = Debug|x64
		{437FC8BA-298A-4186-AE7B-BB91F89B7F10}.Debug|x64.Build.0 = Debug|x64
		{437FC8BA-298A-4186-AE7B-BB91F89B7F10}.Debug|x86.ActiveCfg = Debug|Win32
		{437FC8BA-298A-4186-AE7B-BB91F89B7F10}.Debug|x86.Build.0 = Debug|Win32
		{437FC8BA-298A-4186-AE7B-BB91F89B7F10}.Release|x64.ActiveCfg = Release|x64
		{437FC8BA-298A-4186-AE7B-BB91F89B7F10}.Release|x64.Build.0 = Release|x64
		{437FC8BA-298A-4186-AE7B-BB91F89B7F10}.Release|x86.ActiveCfg = Release|Win32
		{437FC8BA-298A-4186-AE7B-BB91F89B7F10}.Release|x86.Build.0 = Release|Win32
		{39C54B92-4D83-48C1-93E8-3A848C661D23}.Debug|x64.ActiveCfg = Debug|x64
		{39C54B92-4D83-48C1-93E8-3A848C661D23}.Debug|x64.Build.0 = Debug|x64
		{39C54B92-4D83-48C1-93E8-3A848C661D23}.Debug|x86.ActiveCfg = Debug|Win32
		{39C54B92-4D83-48C1-93E8-3A848C661D23}.Debug|x86.Build.0 = Debug|Win32
		{39C54B92-4D83-48C1-93E8-3A848C661D23}.Release|x64.ActiveCfg = Release|x64
		{39C54B92-4D83-48C1-93E8-3A848C661D23}.Release|x64.Build.0 = Release|x64
		{39C54B92-4D83-48C1-93E8-3A848C661D23}.Release|x86.ActiveCfg = Release|Win32
		{39C54B92-4D83-48C1-93E8-3A848C661D23}.Release|x86.Build.0 = Release|Win32
		{971E435A-CBA1-4DE1-8DA6-7D8C4508E2C0}.Debug|x64.ActiveCfg = Debug|x64
		{971E435A-CBA1-4DE1-8DA6-7D8C4508E2C0}.Debug|x64.Build.0 = Debug|x64
		{971E435A-CBA1-4DE1-8DA6-7D8C4508E2C0}.Debug|x86.ActiveCfg = Debug|Win32
		{971E435A-CBA1-4DE1-8DA6-7D8C4508E2C0}.Debug|x86.Build.0 = Debug|Win32
		{971E435A-CBA1-4DE1-8DA6-7D8C4508E2C0}.Release|x64.ActiveCfg = Release|x64
		{971E435A-CBA1-4DE1-8DA6-7D8C4508E2C0}.Release|x64.Build.0 = Release|x64
		{971E435A-CBA1-4DE1-8DA6-7D8C4508E2C0}.Release|x86.ActiveCfg = Release|Win32
		{971E435A-CBA1-4DE1-8DA6-7D8C4508E2C0}.Release|x86.Build.0 = Release|Win32
		{CCEC22C0-BF82-413F-8B32-2B9ADA46F28B}.Debug|x64.ActiveCfg = Debug|x64
		{CCEC22C0-BF82-413F-8B32-2B9ADA46F28B}.Debug|x64.Build.0 = Debug|x64
		{CCEC22C0-BF82-413F-8B32-2B9ADA46F28B}.Debug|x86.ActiveCfg = Debug|Win32
		{CCEC22C0-BF82-413F-8B32-2B9ADA46F28B}.Debug|x86.Build.0 = Debug|Win32
		{CCEC22C0-BF82-413F-8B32-2B9ADA46F28B}.Release|x64.ActiveCfg = Release|x64
		{CCEC22C0-BF82-413F-8B32-2B9ADA46F28B}.Release|x64.Build.0 = Release|x64
		{CCEC22C0-BF82-413F-8B32-2B9ADA46F28B}.Release|x86.ActiveCfg = Release|Win32
		{CCEC22C0-BF82-413F-8B32-2B9ADA46F28B}.Release|x86.Build.0 = Release|Win32
		{12D53C8D-5E1B-408D-8F53-D1BDF9F2D9F0}.Debug|x64.ActiveCfg = Debug|x64
		{12D53C8D-5E1B-408D-8F53-D1BDF9F2D9F0}.Debug|x64.Build.0 = Debug|x64
		{12D53C8D-5E1B-408D-8F53-D1BDF9F2D9F0}.Debug|x86.ActiveCfg = Debug|Win32
		{12D53C8D-5E1B-408D-8F53-D1BDF9F2D9F0}.Debug|x86.Build.0 = Debug|Win32
		{12D53C8D-5E1B-408D-8F53-D1BDF9F2D9F0}.Release|x64.ActiveCfg = Release|x64
		{12D53C8D-5E1B-408D-8F53-D1BDF9F2D9F0}.Release|x64.Build.0 = Release|x64
		{12D53C8D-5E1B-408D-8F53-D1BDF9F2D9F0}.Release|x86.ActiveCfg = Release|Win32
		{12D53C8D-5E1B-408D-8F53-D1BDF9F2D9F0}.Release|x86.Build.0 = Release|Win32
		{2FF20387-B219-463A-88D4-7B3187165A75}.Debug|x64.ActiveCfg = Debug|x64
		{2FF20387-B219-463A-88D4-7B3187165A75}.Debug|x64.Build.0 = Debug|x64
		{2FF20387-B219-463A-88D4-7B3187165A75}.Debug|x86.ActiveCfg = Debug|Win32
		{2FF20387-B219-463A-88D4-7B3187165A75}.Debug|x86.Build.0 = Debug|Win32
		{2FF20387-B219-463A-88D4-7B3187165A75}.Release|x64.ActiveCfg = Release|x64
		{2FF20387-B219-463A-88D4-7B3187165A75}.Release|x64.Build.0 = Release|x64
		{2FF20387-B219-463A-88D4-7B3187165A75}.Release|x86.ActiveCfg = Release|Win32
		{2FF20387-B219-463A-88D4-7B3187165A75}.Release|x86.Build.0 = Release|Win32
	EndGlobalSection
	GlobalSection(SolutionProperties) = preSolution
		HideSolutionNode = FALSE
	EndGlobalSection
	GlobalSection(ExtensibilityGlobals) = postSolution
		SolutionGuid = {1106348D-90DE-4E8F-AE75-78609F29B8D2}
	EndGlobalSection
EndGlobal
